// !$*UTF8*$!
{
	archiveVersion = 1;
	classes = {
	};
	objectVersion = 48;
	objects = {

/* Begin PBXBuildFile section */
		EECEF6984E35DA9DAB65F71D /* Pods_Exercise_RxSwift.framework in Frameworks */ = {isa = PBXBuildFile; fileRef = BC6D078A8AFB5664E42775DB /* Pods_Exercise_RxSwift.framework */; };
		F0B616B72032C70000475378 /* AppDelegate.swift in Sources */ = {isa = PBXBuildFile; fileRef = F0B616B62032C70000475378 /* AppDelegate.swift */; };
		F0B616B92032C70000475378 /* ViewController.swift in Sources */ = {isa = PBXBuildFile; fileRef = F0B616B82032C70000475378 /* ViewController.swift */; };
		F0B616BC2032C70000475378 /* Main.storyboard in Resources */ = {isa = PBXBuildFile; fileRef = F0B616BA2032C70000475378 /* Main.storyboard */; };
		F0B616BE2032C70000475378 /* Assets.xcassets in Resources */ = {isa = PBXBuildFile; fileRef = F0B616BD2032C70000475378 /* Assets.xcassets */; };
		F0B616C12032C70000475378 /* LaunchScreen.storyboard in Resources */ = {isa = PBXBuildFile; fileRef = F0B616BF2032C70000475378 /* LaunchScreen.storyboard */; };
		F0B616CC2032C70000475378 /* Exercise_RxSwiftUITests.swift in Sources */ = {isa = PBXBuildFile; fileRef = F0B616CB2032C70000475378 /* Exercise_RxSwiftUITests.swift */; };
/* End PBXBuildFile section */

/* Begin PBXContainerItemProxy section */
		F0B616C82032C70000475378 /* PBXContainerItemProxy */ = {
			isa = PBXContainerItemProxy;
			containerPortal = F0B616AB2032C70000475378 /* Project object */;
			proxyType = 1;
			remoteGlobalIDString = F0B616B22032C70000475378;
			remoteInfo = Exercise_RxSwift;
		};
/* End PBXContainerItemProxy section */

/* Begin PBXFileReference section */
		7F8B392045EC29210A4CFE3F /* Pods-Exercise_RxSwift.release.xcconfig */ = {isa = PBXFileReference; includeInIndex = 1; lastKnownFileType = text.xcconfig; name = "Pods-Exercise_RxSwift.release.xcconfig"; path = "Pods/Target Support Files/Pods-Exercise_RxSwift/Pods-Exercise_RxSwift.release.xcconfig"; sourceTree = "<group>"; };
		BC6D078A8AFB5664E42775DB /* Pods_Exercise_RxSwift.framework */ = {isa = PBXFileReference; explicitFileType = wrapper.framework; includeInIndex = 0; path = Pods_Exercise_RxSwift.framework; sourceTree = BUILT_PRODUCTS_DIR; };
		F05A5D7F2032C8A800D1AEB5 /* ExerciseObservable.playground */ = {isa = PBXFileReference; lastKnownFileType = file.playground; path = ExerciseObservable.playground; sourceTree = "<group>"; xcLanguageSpecificationIdentifier = xcode.lang.swift; };
		F05A5D802032D1CD00D1AEB5 /* Exercise_Subjects.playground */ = {isa = PBXFileReference; lastKnownFileType = file.playground; path = Exercise_Subjects.playground; sourceTree = "<group>"; xcLanguageSpecificationIdentifier = xcode.lang.swift; };
		F090A091122DBD1439024415 /* Pods-Exercise_RxSwift.debug.xcconfig */ = {isa = PBXFileReference; includeInIndex = 1; lastKnownFileType = text.xcconfig; name = "Pods-Exercise_RxSwift.debug.xcconfig"; path = "Pods/Target Support Files/Pods-Exercise_RxSwift/Pods-Exercise_RxSwift.debug.xcconfig"; sourceTree = "<group>"; };
		F0ABA6722035351600184058 /* Exercise_FilterOperator.playground */ = {isa = PBXFileReference; lastKnownFileType = file.playground; path = Exercise_FilterOperator.playground; sourceTree = "<group>"; xcLanguageSpecificationIdentifier = xcode.lang.swift; };
		F0AEEF8D203E96AA00DA7F4D /* Exercise_Combining.playground */ = {isa = PBXFileReference; lastKnownFileType = file.playground; path = Exercise_Combining.playground; sourceTree = "<group>"; xcLanguageSpecificationIdentifier = xcode.lang.swift; };
		F0B616B32032C70000475378 /* Exercise_RxSwift.app */ = {isa = PBXFileReference; explicitFileType = wrapper.application; includeInIndex = 0; path = Exercise_RxSwift.app; sourceTree = BUILT_PRODUCTS_DIR; };
		F0B616B62032C70000475378 /* AppDelegate.swift */ = {isa = PBXFileReference; lastKnownFileType = sourcecode.swift; path = AppDelegate.swift; sourceTree = "<group>"; };
		F0B616B82032C70000475378 /* ViewController.swift */ = {isa = PBXFileReference; lastKnownFileType = sourcecode.swift; path = ViewController.swift; sourceTree = "<group>"; };
		F0B616BB2032C70000475378 /* Base */ = {isa = PBXFileReference; lastKnownFileType = file.storyboard; name = Base; path = Base.lproj/Main.storyboard; sourceTree = "<group>"; };
		F0B616BD2032C70000475378 /* Assets.xcassets */ = {isa = PBXFileReference; lastKnownFileType = folder.assetcatalog; path = Assets.xcassets; sourceTree = "<group>"; };
		F0B616C02032C70000475378 /* Base */ = {isa = PBXFileReference; lastKnownFileType = file.storyboard; name = Base; path = Base.lproj/LaunchScreen.storyboard; sourceTree = "<group>"; };
		F0B616C22032C70000475378 /* Info.plist */ = {isa = PBXFileReference; lastKnownFileType = text.plist.xml; path = Info.plist; sourceTree = "<group>"; };
		F0B616C72032C70000475378 /* Exercise_RxSwiftUITests.xctest */ = {isa = PBXFileReference; explicitFileType = wrapper.cfbundle; includeInIndex = 0; path = Exercise_RxSwiftUITests.xctest; sourceTree = BUILT_PRODUCTS_DIR; };
		F0B616CB2032C70000475378 /* Exercise_RxSwiftUITests.swift */ = {isa = PBXFileReference; lastKnownFileType = sourcecode.swift; path = Exercise_RxSwiftUITests.swift; sourceTree = "<group>"; };
		F0B616CD2032C70000475378 /* Info.plist */ = {isa = PBXFileReference; lastKnownFileType = text.plist.xml; path = Info.plist; sourceTree = "<group>"; };
		F0BD383120367DD1007CB877 /* Exercise_Transforming.playground */ = {isa = PBXFileReference; lastKnownFileType = file.playground; path = Exercise_Transforming.playground; sourceTree = "<group>"; xcLanguageSpecificationIdentifier = xcode.lang.swift; };
/* End PBXFileReference section */

/* Begin PBXFrameworksBuildPhase section */
		F0B616B02032C70000475378 /* Frameworks */ = {
			isa = PBXFrameworksBuildPhase;
			buildActionMask = 2147483647;
			files = (
				EECEF6984E35DA9DAB65F71D /* Pods_Exercise_RxSwift.framework in Frameworks */,
			);
			runOnlyForDeploymentPostprocessing = 0;
		};
		F0B616C42032C70000475378 /* Frameworks */ = {
			isa = PBXFrameworksBuildPhase;
			buildActionMask = 2147483647;
			files = (
			);
			runOnlyForDeploymentPostprocessing = 0;
		};
/* End PBXFrameworksBuildPhase section */

/* Begin PBXGroup section */
		1986BAD3B687F15E73967384 /* Pods */ = {
			isa = PBXGroup;
			children = (
				F090A091122DBD1439024415 /* Pods-Exercise_RxSwift.debug.xcconfig */,
				7F8B392045EC29210A4CFE3F /* Pods-Exercise_RxSwift.release.xcconfig */,
			);
			name = Pods;
			sourceTree = "<group>";
		};
		EF15C61F5680F8EECDD34F9D /* Frameworks */ = {
			isa = PBXGroup;
			children = (
				BC6D078A8AFB5664E42775DB /* Pods_Exercise_RxSwift.framework */,
			);
			name = Frameworks;
			sourceTree = "<group>";
		};
		F0B616AA2032C70000475378 = {
			isa = PBXGroup;
			children = (
				F0B616B52032C70000475378 /* Exercise_RxSwift */,
				F0B616CA2032C70000475378 /* Exercise_RxSwiftUITests */,
				F0B616B42032C70000475378 /* Products */,
				1986BAD3B687F15E73967384 /* Pods */,
				EF15C61F5680F8EECDD34F9D /* Frameworks */,
			);
			sourceTree = "<group>";
		};
		F0B616B42032C70000475378 /* Products */ = {
			isa = PBXGroup;
			children = (
				F0B616B32032C70000475378 /* Exercise_RxSwift.app */,
				F0B616C72032C70000475378 /* Exercise_RxSwiftUITests.xctest */,
			);
			name = Products;
			sourceTree = "<group>";
		};
		F0B616B52032C70000475378 /* Exercise_RxSwift */ = {
			isa = PBXGroup;
			children = (
				F0AEEF8D203E96AA00DA7F4D /* Exercise_Combining.playground */,
				F0BD383120367DD1007CB877 /* Exercise_Transforming.playground */,
				F0ABA6722035351600184058 /* Exercise_FilterOperator.playground */,
				F05A5D802032D1CD00D1AEB5 /* Exercise_Subjects.playground */,
				F05A5D7F2032C8A800D1AEB5 /* ExerciseObservable.playground */,
				F0B616B62032C70000475378 /* AppDelegate.swift */,
				F0B616B82032C70000475378 /* ViewController.swift */,
				F0B616BA2032C70000475378 /* Main.storyboard */,
				F0B616BD2032C70000475378 /* Assets.xcassets */,
				F0B616BF2032C70000475378 /* LaunchScreen.storyboard */,
				F0B616C22032C70000475378 /* Info.plist */,
			);
			path = Exercise_RxSwift;
			sourceTree = "<group>";
		};
		F0B616CA2032C70000475378 /* Exercise_RxSwiftUITests */ = {
			isa = PBXGroup;
			children = (
				F0B616CB2032C70000475378 /* Exercise_RxSwiftUITests.swift */,
				F0B616CD2032C70000475378 /* Info.plist */,
			);
			path = Exercise_RxSwiftUITests;
			sourceTree = "<group>";
		};
/* End PBXGroup section */

/* Begin PBXNativeTarget section */
		F0B616B22032C70000475378 /* Exercise_RxSwift */ = {
			isa = PBXNativeTarget;
			buildConfigurationList = F0B616D02032C70000475378 /* Build configuration list for PBXNativeTarget "Exercise_RxSwift" */;
			buildPhases = (
				2B3C9CCBD3CC3939D41F5C8C /* [CP] Check Pods Manifest.lock */,
				F0B616AF2032C70000475378 /* Sources */,
				F0B616B02032C70000475378 /* Frameworks */,
				F0B616B12032C70000475378 /* Resources */,
				F04F9BA6A04742CD97E3FF88 /* [CP] Embed Pods Frameworks */,
				81F23CF3D3D4ADF9BCBDB704 /* [CP] Copy Pods Resources */,
			);
			buildRules = (
			);
			dependencies = (
			);
			name = Exercise_RxSwift;
			productName = Exercise_RxSwift;
			productReference = F0B616B32032C70000475378 /* Exercise_RxSwift.app */;
			productType = "com.apple.product-type.application";
		};
		F0B616C62032C70000475378 /* Exercise_RxSwiftUITests */ = {
			isa = PBXNativeTarget;
			buildConfigurationList = F0B616D32032C70000475378 /* Build configuration list for PBXNativeTarget "Exercise_RxSwiftUITests" */;
			buildPhases = (
				F0B616C32032C70000475378 /* Sources */,
				F0B616C42032C70000475378 /* Frameworks */,
				F0B616C52032C70000475378 /* Resources */,
			);
			buildRules = (
			);
			dependencies = (
				F0B616C92032C70000475378 /* PBXTargetDependency */,
			);
			name = Exercise_RxSwiftUITests;
			productName = Exercise_RxSwiftUITests;
			productReference = F0B616C72032C70000475378 /* Exercise_RxSwiftUITests.xctest */;
			productType = "com.apple.product-type.bundle.ui-testing";
		};
/* End PBXNativeTarget section */

/* Begin PBXProject section */
		F0B616AB2032C70000475378 /* Project object */ = {
			isa = PBXProject;
			attributes = {
				LastSwiftUpdateCheck = 0920;
				LastUpgradeCheck = 0920;
				ORGANIZATIONNAME = "He Wu";
				TargetAttributes = {
					F0B616B22032C70000475378 = {
						CreatedOnToolsVersion = 9.2;
						ProvisioningStyle = Automatic;
					};
					F0B616C62032C70000475378 = {
						CreatedOnToolsVersion = 9.2;
						ProvisioningStyle = Automatic;
						TestTargetID = F0B616B22032C70000475378;
					};
				};
			};
			buildConfigurationList = F0B616AE2032C70000475378 /* Build configuration list for PBXProject "Exercise_RxSwift" */;
			compatibilityVersion = "Xcode 8.0";
			developmentRegion = en;
			hasScannedForEncodings = 0;
			knownRegions = (
				en,
				Base,
			);
			mainGroup = F0B616AA2032C70000475378;
			productRefGroup = F0B616B42032C70000475378 /* Products */;
			projectDirPath = "";
			projectRoot = "";
			targets = (
				F0B616B22032C70000475378 /* Exercise_RxSwift */,
				F0B616C62032C70000475378 /* Exercise_RxSwiftUITests */,
			);
		};
/* End PBXProject section */

/* Begin PBXResourcesBuildPhase section */
		F0B616B12032C70000475378 /* Resources */ = {
			isa = PBXResourcesBuildPhase;
			buildActionMask = 2147483647;
			files = (
				F0B616C12032C70000475378 /* LaunchScreen.storyboard in Resources */,
				F0B616BE2032C70000475378 /* Assets.xcassets in Resources */,
				F0B616BC2032C70000475378 /* Main.storyboard in Resources */,
			);
			runOnlyForDeploymentPostprocessing = 0;
		};
		F0B616C52032C70000475378 /* Resources */ = {
			isa = PBXResourcesBuildPhase;
			buildActionMask = 2147483647;
			files = (
			);
			runOnlyForDeploymentPostprocessing = 0;
		};
/* End PBXResourcesBuildPhase section */

/* Begin PBXShellScriptBuildPhase section */
		2B3C9CCBD3CC3939D41F5C8C /* [CP] Check Pods Manifest.lock */ = {
			isa = PBXShellScriptBuildPhase;
			buildActionMask = 2147483647;
			files = (
			);
			inputPaths = (
				"${PODS_PODFILE_DIR_PATH}/Podfile.lock",
				"${PODS_ROOT}/Manifest.lock",
			);
			name = "[CP] Check Pods Manifest.lock";
			outputPaths = (
				"$(DERIVED_FILE_DIR)/Pods-Exercise_RxSwift-checkManifestLockResult.txt",
			);
			runOnlyForDeploymentPostprocessing = 0;
			shellPath = /bin/sh;
			shellScript = "diff \"${PODS_PODFILE_DIR_PATH}/Podfile.lock\" \"${PODS_ROOT}/Manifest.lock\" > /dev/null\nif [ $? != 0 ] ; then\n    # print error to STDERR\n    echo \"error: The sandbox is not in sync with the Podfile.lock. Run 'pod install' or update your CocoaPods installation.\" >&2\n    exit 1\nfi\n# This output is used by Xcode 'outputs' to avoid re-running this script phase.\necho \"SUCCESS\" > \"${SCRIPT_OUTPUT_FILE_0}\"\n";
			showEnvVarsInLog = 0;
		};
		81F23CF3D3D4ADF9BCBDB704 /* [CP] Copy Pods Resources */ = {
			isa = PBXShellScriptBuildPhase;
			buildActionMask = 2147483647;
			files = (
			);
			inputPaths = (
			);
			name = "[CP] Copy Pods Resources";
			outputPaths = (
			);
			runOnlyForDeploymentPostprocessing = 0;
			shellPath = /bin/sh;
			shellScript = "\"${SRCROOT}/Pods/Target Support Files/Pods-Exercise_RxSwift/Pods-Exercise_RxSwift-resources.sh\"\n";
			showEnvVarsInLog = 0;
		};
		F04F9BA6A04742CD97E3FF88 /* [CP] Embed Pods Frameworks */ = {
			isa = PBXShellScriptBuildPhase;
			buildActionMask = 2147483647;
			files = (
			);
			inputPaths = (
				"${SRCROOT}/Pods/Target Support Files/Pods-Exercise_RxSwift/Pods-Exercise_RxSwift-frameworks.sh",
				"${BUILT_PRODUCTS_DIR}/RxCocoa/RxCocoa.framework",
				"${BUILT_PRODUCTS_DIR}/RxSwift/RxSwift.framework",
				"${BUILT_PRODUCTS_DIR}/RxSwiftExt/RxSwiftExt.framework",
			);
			name = "[CP] Embed Pods Frameworks";
			outputPaths = (
				"${TARGET_BUILD_DIR}/${FRAMEWORKS_FOLDER_PATH}/RxCocoa.framework",
				"${TARGET_BUILD_DIR}/${FRAMEWORKS_FOLDER_PATH}/RxSwift.framework",
				"${TARGET_BUILD_DIR}/${FRAMEWORKS_FOLDER_PATH}/RxSwiftExt.framework",
			);
			runOnlyForDeploymentPostprocessing = 0;
			shellPath = /bin/sh;
			shellScript = "\"${SRCROOT}/Pods/Target Support Files/Pods-Exercise_RxSwift/Pods-Exercise_RxSwift-frameworks.sh\"\n";
			showEnvVarsInLog = 0;
		};
/* End PBXShellScriptBuildPhase section */

/* Begin PBXSourcesBuildPhase section */
		F0B616AF2032C70000475378 /* Sources */ = {
			isa = PBXSourcesBuildPhase;
			buildActionMask = 2147483647;
			files = (
				F0B616B92032C70000475378 /* ViewController.swift in Sources */,
				F0B616B72032C70000475378 /* AppDelegate.swift in Sources */,
			);
			runOnlyForDeploymentPostprocessing = 0;
		};
		F0B616C32032C70000475378 /* Sources */ = {
			isa = PBXSourcesBuildPhase;
			buildActionMask = 2147483647;
			files = (
				F0B616CC2032C70000475378 /* Exercise_RxSwiftUITests.swift in Sources */,
			);
			runOnlyForDeploymentPostprocessing = 0;
		};
/* End PBXSourcesBuildPhase section */

/* Begin PBXTargetDependency section */
		F0B616C92032C70000475378 /* PBXTargetDependency */ = {
			isa = PBXTargetDependency;
			target = F0B616B22032C70000475378 /* Exercise_RxSwift */;
			targetProxy = F0B616C82032C70000475378 /* PBXContainerItemProxy */;
		};
/* End PBXTargetDependency section */

/* Begin PBXVariantGroup section */
		F0B616BA2032C70000475378 /* Main.storyboard */ = {
			isa = PBXVariantGroup;
			children = (
				F0B616BB2032C70000475378 /* Base */,
			);
			name = Main.storyboard;
			sourceTree = "<group>";
		};
		F0B616BF2032C70000475378 /* LaunchScreen.storyboard */ = {
			isa = PBXVariantGroup;
			children = (
				F0B616C02032C70000475378 /* Base */,
			);
			name = LaunchScreen.storyboard;
			sourceTree = "<group>";
		};
/* End PBXVariantGroup section */

/* Begin XCBuildConfiguration section */
		F0B616CE2032C70000475378 /* Debug */ = {
			isa = XCBuildConfiguration;
			buildSettings = {
				ALWAYS_SEARCH_USER_PATHS = NO;
				CLANG_ANALYZER_NONNULL = YES;
				CLANG_ANALYZER_NUMBER_OBJECT_CONVERSION = YES_AGGRESSIVE;
				CLANG_CXX_LANGUAGE_STANDARD = "gnu++14";
				CLANG_CXX_LIBRARY = "libc++";
				CLANG_ENABLE_MODULES = YES;
				CLANG_ENABLE_OBJC_ARC = YES;
				CLANG_WARN_BLOCK_CAPTURE_AUTORELEASING = YES;
				CLANG_WARN_BOOL_CONVERSION = YES;
				CLANG_WARN_COMMA = YES;
				CLANG_WARN_CONSTANT_CONVERSION = YES;
				CLANG_WARN_DIRECT_OBJC_ISA_USAGE = YES_ERROR;
				CLANG_WARN_DOCUMENTATION_COMMENTS = YES;
				CLANG_WARN_EMPTY_BODY = YES;
				CLANG_WARN_ENUM_CONVERSION = YES;
				CLANG_WARN_INFINITE_RECURSION = YES;
				CLANG_WARN_INT_CONVERSION = YES;
				CLANG_WARN_NON_LITERAL_NULL_CONVERSION = YES;
				CLANG_WARN_OBJC_LITERAL_CONVERSION = YES;
				CLANG_WARN_OBJC_ROOT_CLASS = YES_ERROR;
				CLANG_WARN_RANGE_LOOP_ANALYSIS = YES;
				CLANG_WARN_STRICT_PROTOTYPES = YES;
				CLANG_WARN_SUSPICIOUS_MOVE = YES;
				CLANG_WARN_UNGUARDED_AVAILABILITY = YES_AGGRESSIVE;
				CLANG_WARN_UNREACHABLE_CODE = YES;
				CLANG_WARN__DUPLICATE_METHOD_MATCH = YES;
				CODE_SIGN_IDENTITY = "iPhone Developer";
				COPY_PHASE_STRIP = NO;
				DEBUG_INFORMATION_FORMAT = dwarf;
				ENABLE_STRICT_OBJC_MSGSEND = YES;
				ENABLE_TESTABILITY = YES;
				GCC_C_LANGUAGE_STANDARD = gnu11;
				GCC_DYNAMIC_NO_PIC = NO;
				GCC_NO_COMMON_BLOCKS = YES;
				GCC_OPTIMIZATION_LEVEL = 0;
				GCC_PREPROCESSOR_DEFINITIONS = (
					"DEBUG=1",
					"$(inherited)",
				);
				GCC_WARN_64_TO_32_BIT_CONVERSION = YES;
				GCC_WARN_ABOUT_RETURN_TYPE = YES_ERROR;
				GCC_WARN_UNDECLARED_SELECTOR = YES;
				GCC_WARN_UNINITIALIZED_AUTOS = YES_AGGRESSIVE;
				GCC_WARN_UNUSED_FUNCTION = YES;
				GCC_WARN_UNUSED_VARIABLE = YES;
				IPHONEOS_DEPLOYMENT_TARGET = 11.2;
				MTL_ENABLE_DEBUG_INFO = YES;
				ONLY_ACTIVE_ARCH = YES;
				SDKROOT = iphoneos;
				SWIFT_ACTIVE_COMPILATION_CONDITIONS = DEBUG;
				SWIFT_OPTIMIZATION_LEVEL = "-Onone";
			};
			name = Debug;
		};
		F0B616CF2032C70000475378 /* Release */ = {
			isa = XCBuildConfiguration;
			buildSettings = {
				ALWAYS_SEARCH_USER_PATHS = NO;
				CLANG_ANALYZER_NONNULL = YES;
				CLANG_ANALYZER_NUMBER_OBJECT_CONVERSION = YES_AGGRESSIVE;
				CLANG_CXX_LANGUAGE_STANDARD = "gnu++14";
				CLANG_CXX_LIBRARY = "libc++";
				CLANG_ENABLE_MODULES = YES;
				CLANG_ENABLE_OBJC_ARC = YES;
				CLANG_WARN_BLOCK_CAPTURE_AUTORELEASING = YES;
				CLANG_WARN_BOOL_CONVERSION = YES;
				CLANG_WARN_COMMA = YES;
				CLANG_WARN_CONSTANT_CONVERSION = YES;
				CLANG_WARN_DIRECT_OBJC_ISA_USAGE = YES_ERROR;
				CLANG_WARN_DOCUMENTATION_COMMENTS = YES;
				CLANG_WARN_EMPTY_BODY = YES;
				CLANG_WARN_ENUM_CONVERSION = YES;
				CLANG_WARN_INFINITE_RECURSION = YES;
				CLANG_WARN_INT_CONVERSION = YES;
				CLANG_WARN_NON_LITERAL_NULL_CONVERSION = YES;
				CLANG_WARN_OBJC_LITERAL_CONVERSION = YES;
				CLANG_WARN_OBJC_ROOT_CLASS = YES_ERROR;
				CLANG_WARN_RANGE_LOOP_ANALYSIS = YES;
				CLANG_WARN_STRICT_PROTOTYPES = YES;
				CLANG_WARN_SUSPICIOUS_MOVE = YES;
				CLANG_WARN_UNGUARDED_AVAILABILITY = YES_AGGRESSIVE;
				CLANG_WARN_UNREACHABLE_CODE = YES;
				CLANG_WARN__DUPLICATE_METHOD_MATCH = YES;
				CODE_SIGN_IDENTITY = "iPhone Developer";
				COPY_PHASE_STRIP = NO;
				DEBUG_INFORMATION_FORMAT = "dwarf-with-dsym";
				ENABLE_NS_ASSERTIONS = NO;
				ENABLE_STRICT_OBJC_MSGSEND = YES;
				GCC_C_LANGUAGE_STANDARD = gnu11;
				GCC_NO_COMMON_BLOCKS = YES;
				GCC_WARN_64_TO_32_BIT_CONVERSION = YES;
				GCC_WARN_ABOUT_RETURN_TYPE = YES_ERROR;
				GCC_WARN_UNDECLARED_SELECTOR = YES;
				GCC_WARN_UNINITIALIZED_AUTOS = YES_AGGRESSIVE;
				GCC_WARN_UNUSED_FUNCTION = YES;
				GCC_WARN_UNUSED_VARIABLE = YES;
				IPHONEOS_DEPLOYMENT_TARGET = 11.2;
				MTL_ENABLE_DEBUG_INFO = NO;
				SDKROOT = iphoneos;
				SWIFT_OPTIMIZATION_LEVEL = "-Owholemodule";
				VALIDATE_PRODUCT = YES;
			};
			name = Release;
		};
		F0B616D12032C70000475378 /* Debug */ = {
			isa = XCBuildConfiguration;
			baseConfigurationReference = F090A091122DBD1439024415 /* Pods-Exercise_RxSwift.debug.xcconfig */;
			buildSettings = {
				ASSETCATALOG_COMPILER_APPICON_NAME = AppIcon;
				CODE_SIGN_STYLE = Automatic;
				INFOPLIST_FILE = Exercise_RxSwift/Info.plist;
				LD_RUNPATH_SEARCH_PATHS = "$(inherited) @executable_path/Frameworks";
				PRODUCT_BUNDLE_IDENTIFIER = "com.hewu.Exercise-RxSwift";
				PRODUCT_NAME = "$(TARGET_NAME)";
				SWIFT_VERSION = 4.0;
				TARGETED_DEVICE_FAMILY = "1,2";
			};
			name = Debug;
		};
		F0B616D22032C70000475378 /* Release */ = {
			isa = XCBuildConfiguration;
			baseConfigurationReference = 7F8B392045EC29210A4CFE3F /* Pods-Exercise_RxSwift.release.xcconfig */;
			buildSettings = {
				ASSETCATALOG_COMPILER_APPICON_NAME = AppIcon;
				CODE_SIGN_STYLE = Automatic;
				INFOPLIST_FILE = Exercise_RxSwift/Info.plist;
				LD_RUNPATH_SEARCH_PATHS = "$(inherited) @executable_path/Frameworks";
				PRODUCT_BUNDLE_IDENTIFIER = "com.hewu.Exercise-RxSwift";
				PRODUCT_NAME = "$(TARGET_NAME)";
				SWIFT_VERSION = 4.0;
				TARGETED_DEVICE_FAMILY = "1,2";
			};
			name = Release;
		};
		F0B616D42032C70000475378 /* Debug */ = {
			isa = XCBuildConfiguration;
			buildSettings = {
				ALWAYS_EMBED_SWIFT_STANDARD_LIBRARIES = YES;
				CODE_SIGN_STYLE = Automatic;
				INFOPLIST_FILE = Exercise_RxSwiftUITests/Info.plist;
				LD_RUNPATH_SEARCH_PATHS = "$(inherited) @executable_path/Frameworks @loader_path/Frameworks";
				PRODUCT_BUNDLE_IDENTIFIER = "com.hewu.Exercise-RxSwiftUITests";
				PRODUCT_NAME = "$(TARGET_NAME)";
				SWIFT_VERSION = 4.0;
				TARGETED_DEVICE_FAMILY = "1,2";
				TEST_TARGET_NAME = Exercise_RxSwift;
			};
			name = Debug;
		};
		F0B616D52032C70000475378 /* Release */ = {
			isa = XCBuildConfiguration;
			buildSettings = {
				ALWAYS_EMBED_SWIFT_STANDARD_LIBRARIES = YES;
				CODE_SIGN_STYLE = Automatic;
				INFOPLIST_FILE = Exercise_RxSwiftUITests/Info.plist;
				LD_RUNPATH_SEARCH_PATHS = "$(inherited) @executable_path/Frameworks @loader_path/Frameworks";
				PRODUCT_BUNDLE_IDENTIFIER = "com.hewu.Exercise-RxSwiftUITests";
				PRODUCT_NAME = "$(TARGET_NAME)";
				SWIFT_VERSION = 4.0;
				TARGETED_DEVICE_FAMILY = "1,2";
				TEST_TARGET_NAME = Exercise_RxSwift;
			};
			name = Release;
		};
/* End XCBuildConfiguration section */

/* Begin XCConfigurationList section */
		F0B616AE2032C70000475378 /* Build configuration list for PBXProject "Exercise_RxSwift" */ = {
			isa = XCConfigurationList;
			buildConfigurations = (
				F0B616CE2032C70000475378 /* Debug */,
				F0B616CF2032C70000475378 /* Release */,
			);
			defaultConfigurationIsVisible = 0;
			defaultConfigurationName = Release;
		};
		F0B616D02032C70000475378 /* Build configuration list for PBXNativeTarget "Exercise_RxSwift" */ = {
			isa = XCConfigurationList;
			buildConfigurations = (
				F0B616D12032C70000475378 /* Debug */,
				F0B616D22032C70000475378 /* Release */,
			);
			defaultConfigurationIsVisible = 0;
			defaultConfigurationName = Release;
		};
		F0B616D32032C70000475378 /* Build configuration list for PBXNativeTarget "Exercise_RxSwiftUITests" */ = {
			isa = XCConfigurationList;
			buildConfigurations = (
				F0B616D42032C70000475378 /* Debug */,
				F0B616D52032C70000475378 /* Release */,
			);
			defaultConfigurationIsVisible = 0;
			defaultConfigurationName = Release;
		};
/* End XCConfigurationList section */
	};
	rootObject = F0B616AB2032C70000475378 /* Project object */;
}
